
Microsoft Visual Studio Solution File, Format Version 12.00
# Visual Studio 15
VisualStudioVersion = 15.0.28307.960
MinimumVisualStudioVersion = 10.0.40219.1
Project("{FAE04EC0-301F-11D3-BF4B-00C04F79EFBC}") = "LocalHaberlesme", "LocalHaberlesme\LocalHaberlesme.csproj", "{278AAE50-6B59-461A-9101-CAA119930E9F}"
EndProject
Project("{FAE04EC0-301F-11D3-BF4B-00C04F79EFBC}") = "LocalHaberlesmeSinifKutuphanesi", "..\LocalHaberlesmeSinifKutuphanesi\LocalHaberlesmeSinifKutuphanesi\LocalHaberlesmeSinifKutuphanesi.csproj", "{0C2BA9D6-7B5B-4E81-8038-BAFEEB463963}"
EndProject
Global
	GlobalSection(SolutionConfigurationPlatforms) = preSolution
		Debug|Any CPU = Debug|Any CPU
		Release|Any CPU = Release|Any CPU
	EndGlobalSection
	GlobalSection(ProjectConfigurationPlatforms) = postSolution
		{278AAE50-6B59-461A-9101-CAA119930E9F}.Debug|Any CPU.ActiveCfg = Debug|Any CPU
		{278AAE50-6B59-461A-9101-CAA119930E9F}.Debug|Any CPU.Build.0 = Debug|Any CPU
		{278AAE50-6B59-461A-9101-CAA119930E9F}.Release|Any CPU.ActiveCfg = Release|Any CPU
		{278AAE50-6B59-461A-9101-CAA119930E9F}.Release|Any CPU.Build.0 = Release|Any CPU
		{0C2BA9D6-7B5B-4E81-8038-BAFEEB463963}.Debug|Any CPU.ActiveCfg = Debug|Any CPU
		{0C2BA9D6-7B5B-4E81-8038-BAFEEB463963}.Debug|Any CPU.Build.0 = Debug|Any CPU
		{0C2BA9D6-7B5B-4E81-8038-BAFEEB463963}.Release|Any CPU.ActiveCfg = Release|Any CPU
		{0C2BA9D6-7B5B-4E81-8038-BAFEEB463963}.Release|Any CPU.Build.0 = Release|Any CPU
	EndGlobalSection
	GlobalSection(SolutionProperties) = preSolution
		HideSolutionNode = FALSE
	EndGlobalSection
	GlobalSection(ExtensibilityGlobals) = postSolution
		SolutionGuid = {D93E924D-2311-442C-B195-CCB190FABC7A}
	EndGlobalSection
EndGlobal
